
Microsoft Visual Studio Solution File, Format Version 12.00
# Visual Studio Version 16
VisualStudioVersion = 16.0.31025.194
MinimumVisualStudioVersion = 10.0.40219.1
Project("{FAE04EC0-301F-11D3-BF4B-00C04F79EFBC}") = "Xadrez-console", "Xadrez-console\Xadrez-console.csproj", "{EAFFA499-0978-4248-A0E7-91E2973A766E}"
EndProject
Global
	GlobalSection(SolutionConfigurationPlatforms) = preSolution
		Debug|Any CPU = Debug|Any CPU
		Release|Any CPU = Release|Any CPU
	EndGlobalSection
	GlobalSection(ProjectConfigurationPlatforms) = postSolution
		{EAFFA499-0978-4248-A0E7-91E2973A766E}.Debug|Any CPU.ActiveCfg = Debug|Any CPU
		{EAFFA499-0978-4248-A0E7-91E2973A766E}.Debug|Any CPU.Build.0 = Debug|Any CPU
		{EAFFA499-0978-4248-A0E7-91E2973A766E}.Release|Any CPU.ActiveCfg = Release|Any CPU
		{EAFFA499-0978-4248-A0E7-91E2973A766E}.Release|Any CPU.Build.0 = Release|Any CPU
	EndGlobalSection
	GlobalSection(SolutionProperties) = preSolution
		HideSolutionNode = FALSE
	EndGlobalSection
	GlobalSection(ExtensibilityGlobals) = postSolution
		SolutionGuid = {5315D5D9-CF47-4BDD-B78B-934A51C3F1DF}
	EndGlobalSection
EndGlobal
